
Microsoft Visual Studio Solution File, Format Version 12.00
# Visual Studio Version 17
VisualStudioVersion = 17.0.31903.59
MinimumVisualStudioVersion = 10.0.40219.1
Project("{2150E333-8FDC-42A3-9474-1A3956D46DE8}") = "src", "src", "{827E0CD3-B72D-47B6-A68D-7590B98EB39B}"
EndProject
Project("{FAE04EC0-301F-11D3-BF4B-00C04F79EFBC}") = "Flow.Cli", "src\Flow.Cli\Flow.Cli.csproj", "{E57F97D9-57BE-485F-A4E0-FD9064A2A252}"
EndProject
Project("{FAE04EC0-301F-11D3-BF4B-00C04F79EFBC}") = "Flow.Core", "src\Flow.Core\Flow.Core.csproj", "{A0231C32-77AE-4700-A53C-B93383E56441}"
EndProject
Project("{FAE04EC0-301F-11D3-BF4B-00C04F79EFBC}") = "Flow.Documents", "src\Flow.Documents\Flow.Documents.csproj", "{D7054B44-B819-4C62-BEF2-E1AB1C3847F2}"
EndProject
Project("{FAE04EC0-301F-11D3-BF4B-00C04F79EFBC}") = "Flow.Epub", "src\Flow.Epub\Flow.Epub.csproj", "{47F4B8DC-53D8-438B-8BD7-78BC8185C09C}"
EndProject
Project("{FAE04EC0-301F-11D3-BF4B-00C04F79EFBC}") = "Flow.Epub.Corpus", "src\Flow.Epub.Corpus\Flow.Epub.Corpus.csproj", "{2B735E61-EE9A-4E5F-A881-C158C7B50142}"
EndProject
Project("{FAE04EC0-301F-11D3-BF4B-00C04F79EFBC}") = "Flow.Layout", "src\Flow.Layout\Flow.Layout.csproj", "{D1BC401C-7CFC-43D5-9666-6712B284CF5A}"
EndProject
Project("{FAE04EC0-301F-11D3-BF4B-00C04F79EFBC}") = "Flow.Rendering", "src\Flow.Rendering\Flow.Rendering.csproj", "{E49E00B6-30B5-48C6-A5B7-BF514E99D41E}"
EndProject
Project("{FAE04EC0-301F-11D3-BF4B-00C04F79EFBC}") = "Flow.Rendering.Html", "src\Flow.Rendering.Html\Flow.Rendering.Html.csproj", "{96E25FDD-9DA5-456F-904C-18D864A2CE60}"
EndProject
Project("{FAE04EC0-301F-11D3-BF4B-00C04F79EFBC}") = "Flow.Security", "src\Flow.Security\Flow.Security.csproj", "{532A74C9-A3F3-4F94-B882-1359782CF998}"
EndProject
Project("{2150E333-8FDC-42A3-9474-1A3956D46DE8}") = "tests", "tests", "{0AB3BF05-4346-4AA6-1389-037BE0695223}"
EndProject
Project("{FAE04EC0-301F-11D3-BF4B-00C04F79EFBC}") = "Flow.Conformance.Tests", "tests\Flow.Conformance.Tests\Flow.Conformance.Tests.csproj", "{8A44DEF9-D0A6-4DD4-ABDA-993AE4757886}"
EndProject
Project("{FAE04EC0-301F-11D3-BF4B-00C04F79EFBC}") = "Flow.Core.Tests", "tests\Flow.Core.Tests\Flow.Core.Tests.csproj", "{4688260D-D6E2-4F13-896E-543726845AB4}"
EndProject
Project("{FAE04EC0-301F-11D3-BF4B-00C04F79EFBC}") = "Flow.Documents.Tests", "tests\Flow.Documents.Tests\Flow.Documents.Tests.csproj", "{E64E8988-06DB-4D48-B5BE-072C177DB02D}"
EndProject
Project("{FAE04EC0-301F-11D3-BF4B-00C04F79EFBC}") = "Flow.Layout.Tests", "tests\Flow.Layout.Tests\Flow.Layout.Tests.csproj", "{AD642116-6342-4604-8953-064F9A789D40}"
EndProject
Project("{FAE04EC0-301F-11D3-BF4B-00C04F79EFBC}") = "Flow.Rendering.Tests", "tests\Flow.Rendering.Tests\Flow.Rendering.Tests.csproj", "{AC97043D-D1C6-4389-8DAB-5F9A2535CCE6}"
EndProject
Project("{FAE04EC0-301F-11D3-BF4B-00C04F79EFBC}") = "Flow.Security.Tests", "tests\Flow.Security.Tests\Flow.Security.Tests.csproj", "{4D5E9F55-4954-4696-AC61-5AA8469D5819}"
EndProject
Project("{FAE04EC0-301F-11D3-BF4B-00C04F79EFBC}") = "Flow.Cli.Tests", "tests\Flow.Cli.Tests\Flow.Cli.Tests.csproj", "{B4971CAA-73AF-4B95-9A60-C3A948B87120}"
EndProject
Project("{FAE04EC0-301F-11D3-BF4B-00C04F79EFBC}") = "Flow.Epub.Tests", "tests\Flow.Epub.Tests\Flow.Epub.Tests.csproj", "{F15B635C-BEF0-45CE-9A07-C5A114CA91A4}"
EndProject
Project("{FAE04EC0-301F-11D3-BF4B-00C04F79EFBC}") = "Flow.EpubCheck.FakeTool", "tests\Flow.EpubCheck.FakeTool\Flow.EpubCheck.FakeTool.csproj", "{CE89320C-AE43-4DA7-B2A6-B35580E440B7}"
EndProject
Project("{FAE04EC0-301F-11D3-BF4B-00C04F79EFBC}") = "Flow.Application", "src\Flow.Application\Flow.Application.csproj", "{7AFF487A-7472-4034-8F2E-36AC1C7A7AA4}"
EndProject
Project("{FAE04EC0-301F-11D3-BF4B-00C04F79EFBC}") = "Flow.Application.Tests", "tests\Flow.Application.Tests\Flow.Application.Tests.csproj", "{20937A25-DF21-4D6F-9EB7-BB68C7A051FF}"
EndProject
Project("{FAE04EC0-301F-11D3-BF4B-00C04F79EFBC}") = "Flow.Windows.Shell", "src\Flow.Windows.Shell\Flow.Windows.Shell.csproj", "{3330AE5C-E6C8-4288-AFFD-6C135AB9C3E7}"
EndProject
Project("{FAE04EC0-301F-11D3-BF4B-00C04F79EFBC}") = "Flow.Windows", "src\Flow.Windows\Flow.Windows.csproj", "{8B6DE200-4190-450E-ACB8-BA5EDEF6E62C}"
EndProject
Project("{FAE04EC0-301F-11D3-BF4B-00C04F79EFBC}") = "Flow.Windows.Tests", "tests\Flow.Windows.Tests\Flow.Windows.Tests.csproj", "{D05D8277-A17F-4923-9460-559CAA228EA1}"
EndProject
Project("{FAE04EC0-301F-11D3-BF4B-00C04F79EFBC}") = "Flow.Updates", "src\Flow.Updates\Flow.Updates.csproj", "{2735E757-D1D2-4183-BF52-5C088C4B056B}"
EndProject
Global
	GlobalSection(SolutionConfigurationPlatforms) = preSolution
		Debug|Any CPU = Debug|Any CPU
		Debug|x64 = Debug|x64
		Debug|x86 = Debug|x86
		Release|Any CPU = Release|Any CPU
		Release|x64 = Release|x64
		Release|x86 = Release|x86
	EndGlobalSection
	GlobalSection(ProjectConfigurationPlatforms) = postSolution
		{E57F97D9-57BE-485F-A4E0-FD9064A2A252}.Debug|Any CPU.ActiveCfg = Debug|Any CPU
		{E57F97D9-57BE-485F-A4E0-FD9064A2A252}.Debug|Any CPU.Build.0 = Debug|Any CPU
		{E57F97D9-57BE-485F-A4E0-FD9064A2A252}.Debug|x64.ActiveCfg = Debug|Any CPU
		{E57F97D9-57BE-485F-A4E0-FD9064A2A252}.Debug|x64.Build.0 = Debug|Any CPU
		{E57F97D9-57BE-485F-A4E0-FD9064A2A252}.Debug|x86.ActiveCfg = Debug|Any CPU
		{E57F97D9-57BE-485F-A4E0-FD9064A2A252}.Debug|x86.Build.0 = Debug|Any CPU
		{E57F97D9-57BE-485F-A4E0-FD9064A2A252}.Release|Any CPU.ActiveCfg = Release|Any CPU
		{E57F97D9-57BE-485F-A4E0-FD9064A2A252}.Release|Any CPU.Build.0 = Release|Any CPU
		{E57F97D9-57BE-485F-A4E0-FD9064A2A252}.Release|x64.ActiveCfg = Release|Any CPU
		{E57F97D9-57BE-485F-A4E0-FD9064A2A252}.Release|x64.Build.0 = Release|Any CPU
		{E57F97D9-57BE-485F-A4E0-FD9064A2A252}.Release|x86.ActiveCfg = Release|Any CPU
		{E57F97D9-57BE-485F-A4E0-FD9064A2A252}.Release|x86.Build.0 = Release|Any CPU
		{A0231C32-77AE-4700-A53C-B93383E56441}.Debug|Any CPU.ActiveCfg = Debug|Any CPU
		{A0231C32-77AE-4700-A53C-B93383E56441}.Debug|Any CPU.Build.0 = Debug|Any CPU
		{A0231C32-77AE-4700-A53C-B93383E56441}.Debug|x64.ActiveCfg = Debug|Any CPU
		{A0231C32-77AE-4700-A53C-B93383E56441}.Debug|x64.Build.0 = Debug|Any CPU
		{A0231C32-77AE-4700-A53C-B93383E56441}.Debug|x86.ActiveCfg = Debug|Any CPU
		{A0231C32-77AE-4700-A53C-B93383E56441}.Debug|x86.Build.0 = Debug|Any CPU
		{A0231C32-77AE-4700-A53C-B93383E56441}.Release|Any CPU.ActiveCfg = Release|Any CPU
		{A0231C32-77AE-4700-A53C-B93383E56441}.Release|Any CPU.Build.0 = Release|Any CPU
		{A0231C32-77AE-4700-A53C-B93383E56441}.Release|x64.ActiveCfg = Release|Any CPU
		{A0231C32-77AE-4700-A53C-B93383E56441}.Release|x64.Build.0 = Release|Any CPU
		{A0231C32-77AE-4700-A53C-B93383E56441}.Release|x86.ActiveCfg = Release|Any CPU
		{A0231C32-77AE-4700-A53C-B93383E56441}.Release|x86.Build.0 = Release|Any CPU
		{D7054B44-B819-4C62-BEF2-E1AB1C3847F2}.Debug|Any CPU.ActiveCfg = Debug|Any CPU
		{D7054B44-B819-4C62-BEF2-E1AB1C3847F2}.Debug|Any CPU.Build.0 = Debug|Any CPU
		{D7054B44-B819-4C62-BEF2-E1AB1C3847F2}.Debug|x64.ActiveCfg = Debug|Any CPU
		{D7054B44-B819-4C62-BEF2-E1AB1C3847F2}.Debug|x64.Build.0 = Debug|Any CPU
		{D7054B44-B819-4C62-BEF2-E1AB1C3847F2}.Debug|x86.ActiveCfg = Debug|Any CPU
		{D7054B44-B819-4C62-BEF2-E1AB1C3847F2}.Debug|x86.Build.0 = Debug|Any CPU
		{D7054B44-B819-4C62-BEF2-E1AB1C3847F2}.Release|Any CPU.ActiveCfg = Release|Any CPU
		{D7054B44-B819-4C62-BEF2-E1AB1C3847F2}.Release|Any CPU.Build.0 = Release|Any CPU
		{D7054B44-B819-4C62-BEF2-E1AB1C3847F2}.Release|x64.ActiveCfg = Release|Any CPU
		{D7054B44-B819-4C62-BEF2-E1AB1C3847F2}.Release|x64.Build.0 = Release|Any CPU
		{D7054B44-B819-4C62-BEF2-E1AB1C3847F2}.Release|x86.ActiveCfg = Release|Any CPU
		{D7054B44-B819-4C62-BEF2-E1AB1C3847F2}.Release|x86.Build.0 = Release|Any CPU
		{47F4B8DC-53D8-438B-8BD7-78BC8185C09C}.Debug|Any CPU.ActiveCfg = Debug|Any CPU
		{47F4B8DC-53D8-438B-8BD7-78BC8185C09C}.Debug|Any CPU.Build.0 = Debug|Any CPU
		{47F4B8DC-53D8-438B-8BD7-78BC8185C09C}.Debug|x64.ActiveCfg = Debug|Any CPU
		{47F4B8DC-53D8-438B-8BD7-78BC8185C09C}.Debug|x64.Build.0 = Debug|Any CPU
		{47F4B8DC-53D8-438B-8BD7-78BC8185C09C}.Debug|x86.ActiveCfg = Debug|Any CPU
		{47F4B8DC-53D8-438B-8BD7-78BC8185C09C}.Debug|x86.Build.0 = Debug|Any CPU
		{47F4B8DC-53D8-438B-8BD7-78BC8185C09C}.Release|Any CPU.ActiveCfg = Release|Any CPU
		{47F4B8DC-53D8-438B-8BD7-78BC8185C09C}.Release|Any CPU.Build.0 = Release|Any CPU
		{47F4B8DC-53D8-438B-8BD7-78BC8185C09C}.Release|x64.ActiveCfg = Release|Any CPU
		{47F4B8DC-53D8-438B-8BD7-78BC8185C09C}.Release|x64.Build.0 = Release|Any CPU
		{47F4B8DC-53D8-438B-8BD7-78BC8185C09C}.Release|x86.ActiveCfg = Release|Any CPU
		{47F4B8DC-53D8-438B-8BD7-78BC8185C09C}.Release|x86.Build.0 = Release|Any CPU
		{2B735E61-EE9A-4E5F-A881-C158C7B50142}.Debug|Any CPU.ActiveCfg = Debug|Any CPU
		{2B735E61-EE9A-4E5F-A881-C158C7B50142}.Debug|Any CPU.Build.0 = Debug|Any CPU
		{2B735E61-EE9A-4E5F-A881-C158C7B50142}.Debug|x64.ActiveCfg = Debug|Any CPU
		{2B735E61-EE9A-4E5F-A881-C158C7B50142}.Debug|x64.Build.0 = Debug|Any CPU
		{2B735E61-EE9A-4E5F-A881-C158C7B50142}.Debug|x86.ActiveCfg = Debug|Any CPU
		{2B735E61-EE9A-4E5F-A881-C158C7B50142}.Debug|x86.Build.0 = Debug|Any CPU
		{2B735E61-EE9A-4E5F-A881-C158C7B50142}.Release|Any CPU.ActiveCfg = Release|Any CPU
		{2B735E61-EE9A-4E5F-A881-C158C7B50142}.Release|Any CPU.Build.0 = Release|Any CPU
		{2B735E61-EE9A-4E5F-A881-C158C7B50142}.Release|x64.ActiveCfg = Release|Any CPU
		{2B735E61-EE9A-4E5F-A881-C158C7B50142}.Release|x64.Build.0 = Release|Any CPU
		{2B735E61-EE9A-4E5F-A881-C158C7B50142}.Release|x86.ActiveCfg = Release|Any CPU
		{2B735E61-EE9A-4E5F-A881-C158C7B50142}.Release|x86.Build.0 = Release|Any CPU
		{D1BC401C-7CFC-43D5-9666-6712B284CF5A}.Debug|Any CPU.ActiveCfg = Debug|Any CPU
		{D1BC401C-7CFC-43D5-9666-6712B284CF5A}.Debug|Any CPU.Build.0 = Debug|Any CPU
		{D1BC401C-7CFC-43D5-9666-6712B284CF5A}.Debug|x64.ActiveCfg = Debug|Any CPU
		{D1BC401C-7CFC-43D5-9666-6712B284CF5A}.Debug|x64.Build.0 = Debug|Any CPU
		{D1BC401C-7CFC-43D5-9666-6712B284CF5A}.Debug|x86.ActiveCfg = Debug|Any CPU
		{D1BC401C-7CFC-43D5-9666-6712B284CF5A}.Debug|x86.Build.0 = Debug|Any CPU
		{D1BC401C-7CFC-43D5-9666-6712B284CF5A}.Release|Any CPU.ActiveCfg = Release|Any CPU
		{D1BC401C-7CFC-43D5-9666-6712B284CF5A}.Release|Any CPU.Build.0 = Release|Any CPU
		{D1BC401C-7CFC-43D5-9666-6712B284CF5A}.Release|x64.ActiveCfg = Release|Any CPU
		{D1BC401C-7CFC-43D5-9666-6712B284CF5A}.Release|x64.Build.0 = Release|Any CPU
		{D1BC401C-7CFC-43D5-9666-6712B284CF5A}.Release|x86.ActiveCfg = Release|Any CPU
		{D1BC401C-7CFC-43D5-9666-6712B284CF5A}.Release|x86.Build.0 = Release|Any CPU
		{E49E00B6-30B5-48C6-A5B7-BF514E99D41E}.Debug|Any CPU.ActiveCfg = Debug|Any CPU
		{E49E00B6-30B5-48C6-A5B7-BF514E99D41E}.Debug|Any CPU.Build.0 = Debug|Any CPU
		{E49E00B6-30B5-48C6-A5B7-BF514E99D41E}.Debug|x64.ActiveCfg = Debug|Any CPU
		{E49E00B6-30B5-48C6-A5B7-BF514E99D41E}.Debug|x64.Build.0 = Debug|Any CPU
		{E49E00B6-30B5-48C6-A5B7-BF514E99D41E}.Debug|x86.ActiveCfg = Debug|Any CPU
		{E49E00B6-30B5-48C6-A5B7-BF514E99D41E}.Debug|x86.Build.0 = Debug|Any CPU
		{E49E00B6-30B5-48C6-A5B7-BF514E99D41E}.Release|Any CPU.ActiveCfg = Release|Any CPU
		{E49E00B6-30B5-48C6-A5B7-BF514E99D41E}.Release|Any CPU.Build.0 = Release|Any CPU
		{E49E00B6-30B5-48C6-A5B7-BF514E99D41E}.Release|x64.ActiveCfg = Release|Any CPU
		{E49E00B6-30B5-48C6-A5B7-BF514E99D41E}.Release|x64.Build.0 = Release|Any CPU
		{E49E00B6-30B5-48C6-A5B7-BF514E99D41E}.Release|x86.ActiveCfg = Release|Any CPU
		{E49E00B6-30B5-48C6-A5B7-BF514E99D41E}.Release|x86.Build.0 = Release|Any CPU
		{96E25FDD-9DA5-456F-904C-18D864A2CE60}.Debug|Any CPU.ActiveCfg = Debug|Any CPU
		{96E25FDD-9DA5-456F-904C-18D864A2CE60}.Debug|Any CPU.Build.0 = Debug|Any CPU
		{96E25FDD-9DA5-456F-904C-18D864A2CE60}.Debug|x64.ActiveCfg = Debug|Any CPU
		{96E25FDD-9DA5-456F-904C-18D864A2CE60}.Debug|x64.Build.0 = Debug|Any CPU
		{96E25FDD-9DA5-456F-904C-18D864A2CE60}.Debug|x86.ActiveCfg = Debug|Any CPU
		{96E25FDD-9DA5-456F-904C-18D864A2CE60}.Debug|x86.Build.0 = Debug|Any CPU
		{96E25FDD-9DA5-456F-904C-18D864A2CE60}.Release|Any CPU.ActiveCfg = Release|Any CPU
		{96E25FDD-9DA5-456F-904C-18D864A2CE60}.Release|Any CPU.Build.0 = Release|Any CPU
		{96E25FDD-9DA5-456F-904C-18D864A2CE60}.Release|x64.ActiveCfg = Release|Any CPU
		{96E25FDD-9DA5-456F-904C-18D864A2CE60}.Release|x64.Build.0 = Release|Any CPU
		{96E25FDD-9DA5-456F-904C-18D864A2CE60}.Release|x86.ActiveCfg = Release|Any CPU
		{96E25FDD-9DA5-456F-904C-18D864A2CE60}.Release|x86.Build.0 = Release|Any CPU
		{532A74C9-A3F3-4F94-B882-1359782CF998}.Debug|Any CPU.ActiveCfg = Debug|Any CPU
		{532A74C9-A3F3-4F94-B882-1359782CF998}.Debug|Any CPU.Build.0 = Debug|Any CPU
		{532A74C9-A3F3-4F94-B882-1359782CF998}.Debug|x64.ActiveCfg = Debug|Any CPU
		{532A74C9-A3F3-4F94-B882-1359782CF998}.Debug|x64.Build.0 = Debug|Any CPU
		{532A74C9-A3F3-4F94-B882-1359782CF998}.Debug|x86.ActiveCfg = Debug|Any CPU
		{532A74C9-A3F3-4F94-B882-1359782CF998}.Debug|x86.Build.0 = Debug|Any CPU
		{532A74C9-A3F3-4F94-B882-1359782CF998}.Release|Any CPU.ActiveCfg = Release|Any CPU
		{532A74C9-A3F3-4F94-B882-1359782CF998}.Release|Any CPU.Build.0 = Release|Any CPU
		{532A74C9-A3F3-4F94-B882-1359782CF998}.Release|x64.ActiveCfg = Release|Any CPU
		{532A74C9-A3F3-4F94-B882-1359782CF998}.Release|x64.Build.0 = Release|Any CPU
		{532A74C9-A3F3-4F94-B882-1359782CF998}.Release|x86.ActiveCfg = Release|Any CPU
		{532A74C9-A3F3-4F94-B882-1359782CF998}.Release|x86.Build.0 = Release|Any CPU
		{8A44DEF9-D0A6-4DD4-ABDA-993AE4757886}.Debug|Any CPU.ActiveCfg = Debug|Any CPU
		{8A44DEF9-D0A6-4DD4-ABDA-993AE4757886}.Debug|Any CPU.Build.0 = Debug|Any CPU
		{8A44DEF9-D0A6-4DD4-ABDA-993AE4757886}.Debug|x64.ActiveCfg = Debug|Any CPU
		{8A44DEF9-D0A6-4DD4-ABDA-993AE4757886}.Debug|x64.Build.0 = Debug|Any CPU
		{8A44DEF9-D0A6-4DD4-ABDA-993AE4757886}.Debug|x86.ActiveCfg = Debug|Any CPU
		{8A44DEF9-D0A6-4DD4-ABDA-993AE4757886}.Debug|x86.Build.0 = Debug|Any CPU
		{8A44DEF9-D0A6-4DD4-ABDA-993AE4757886}.Release|Any CPU.ActiveCfg = Release|Any CPU
		{8A44DEF9-D0A6-4DD4-ABDA-993AE4757886}.Release|Any CPU.Build.0 = Release|Any CPU
		{8A44DEF9-D0A6-4DD4-ABDA-993AE4757886}.Release|x64.ActiveCfg = Release|Any CPU
		{8A44DEF9-D0A6-4DD4-ABDA-993AE4757886}.Release|x64.Build.0 = Release|Any CPU
		{8A44DEF9-D0A6-4DD4-ABDA-993AE4757886}.Release|x86.ActiveCfg = Release|Any CPU
		{8A44DEF9-D0A6-4DD4-ABDA-993AE4757886}.Release|x86.Build.0 = Release|Any CPU
		{4688260D-D6E2-4F13-896E-543726845AB4}.Debug|Any CPU.ActiveCfg = Debug|Any CPU
		{4688260D-D6E2-4F13-896E-543726845AB4}.Debug|Any CPU.Build.0 = Debug|Any CPU
		{4688260D-D6E2-4F13-896E-543726845AB4}.Debug|x64.ActiveCfg = Debug|Any CPU
		{4688260D-D6E2-4F13-896E-543726845AB4}.Debug|x64.Build.0 = Debug|Any CPU
		{4688260D-D6E2-4F13-896E-543726845AB4}.Debug|x86.ActiveCfg = Debug|Any CPU
		{4688260D-D6E2-4F13-896E-543726845AB4}.Debug|x86.Build.0 = Debug|Any CPU
		{4688260D-D6E2-4F13-896E-543726845AB4}.Release|Any CPU.ActiveCfg = Release|Any CPU
		{4688260D-D6E2-4F13-896E-543726845AB4}.Release|Any CPU.Build.0 = Release|Any CPU
		{4688260D-D6E2-4F13-896E-543726845AB4}.Release|x64.ActiveCfg = Release|Any CPU
		{4688260D-D6E2-4F13-896E-543726845AB4}.Release|x64.Build.0 = Release|Any CPU
		{4688260D-D6E2-4F13-896E-543726845AB4}.Release|x86.ActiveCfg = Release|Any CPU
		{4688260D-D6E2-4F13-896E-543726845AB4}.Release|x86.Build.0 = Release|Any CPU
		{E64E8988-06DB-4D48-B5BE-072C177DB02D}.Debug|Any CPU.ActiveCfg = Debug|Any CPU
		{E64E8988-06DB-4D48-B5BE-072C177DB02D}.Debug|Any CPU.Build.0 = Debug|Any CPU
		{E64E8988-06DB-4D48-B5BE-072C177DB02D}.Debug|x64.ActiveCfg = Debug|Any CPU
		{E64E8988-06DB-4D48-B5BE-072C177DB02D}.Debug|x64.Build.0 = Debug|Any CPU
		{E64E8988-06DB-4D48-B5BE-072C177DB02D}.Debug|x86.ActiveCfg = Debug|Any CPU
		{E64E8988-06DB-4D48-B5BE-072C177DB02D}.Debug|x86.Build.0 = Debug|Any CPU
		{E64E8988-06DB-4D48-B5BE-072C177DB02D}.Release|Any CPU.ActiveCfg = Release|Any CPU
		{E64E8988-06DB-4D48-B5BE-072C177DB02D}.Release|Any CPU.Build.0 = Release|Any CPU
		{E64E8988-06DB-4D48-B5BE-072C177DB02D}.Release|x64.ActiveCfg = Release|Any CPU
		{E64E8988-06DB-4D48-B5BE-072C177DB02D}.Release|x64.Build.0 = Release|Any CPU
		{E64E8988-06DB-4D48-B5BE-072C177DB02D}.Release|x86.ActiveCfg = Release|Any CPU
		{E64E8988-06DB-4D48-B5BE-072C177DB02D}.Release|x86.Build.0 = Release|Any CPU
		{AD642116-6342-4604-8953-064F9A789D40}.Debug|Any CPU.ActiveCfg = Debug|Any CPU
		{AD642116-6342-4604-8953-064F9A789D40}.Debug|Any CPU.Build.0 = Debug|Any CPU
		{AD642116-6342-4604-8953-064F9A789D40}.Debug|x64.ActiveCfg = Debug|Any CPU
		{AD642116-6342-4604-8953-064F9A789D40}.Debug|x64.Build.0 = Debug|Any CPU
		{AD642116-6342-4604-8953-064F9A789D40}.Debug|x86.ActiveCfg = Debug|Any CPU
		{AD642116-6342-4604-8953-064F9A789D40}.Debug|x86.Build.0 = Debug|Any CPU
		{AD642116-6342-4604-8953-064F9A789D40}.Release|Any CPU.ActiveCfg = Release|Any CPU
		{AD642116-6342-4604-8953-064F9A789D40}.Release|Any CPU.Build.0 = Release|Any CPU
		{AD642116-6342-4604-8953-064F9A789D40}.Release|x64.ActiveCfg = Release|Any CPU
		{AD642116-6342-4604-8953-064F9A789D40}.Release|x64.Build.0 = Release|Any CPU
		{AD642116-6342-4604-8953-064F9A789D40}.Release|x86.ActiveCfg = Release|Any CPU
		{AD642116-6342-4604-8953-064F9A789D40}.Release|x86.Build.0 = Release|Any CPU
		{AC97043D-D1C6-4389-8DAB-5F9A2535CCE6}.Debug|Any CPU.ActiveCfg = Debug|Any CPU
		{AC97043D-D1C6-4389-8DAB-5F9A2535CCE6}.Debug|Any CPU.Build.0 = Debug|Any CPU
		{AC97043D-D1C6-4389-8DAB-5F9A2535CCE6}.Debug|x64.ActiveCfg = Debug|Any CPU
		{AC97043D-D1C6-4389-8DAB-5F9A2535CCE6}.Debug|x64.Build.0 = Debug|Any CPU
		{AC97043D-D1C6-4389-8DAB-5F9A2535CCE6}.Debug|x86.ActiveCfg = Debug|Any CPU
		{AC97043D-D1C6-4389-8DAB-5F9A2535CCE6}.Debug|x86.Build.0 = Debug|Any CPU
		{AC97043D-D1C6-4389-8DAB-5F9A2535CCE6}.Release|Any CPU.ActiveCfg = Release|Any CPU
		{AC97043D-D1C6-4389-8DAB-5F9A2535CCE6}.Release|Any CPU.Build.0 = Release|Any CPU
		{AC97043D-D1C6-4389-8DAB-5F9A2535CCE6}.Release|x64.ActiveCfg = Release|Any CPU
		{AC97043D-D1C6-4389-8DAB-5F9A2535CCE6}.Release|x64.Build.0 = Release|Any CPU
		{AC97043D-D1C6-4389-8DAB-5F9A2535CCE6}.Release|x86.ActiveCfg = Release|Any CPU
		{AC97043D-D1C6-4389-8DAB-5F9A2535CCE6}.Release|x86.Build.0 = Release|Any CPU
		{4D5E9F55-4954-4696-AC61-5AA8469D5819}.Debug|Any CPU.ActiveCfg = Debug|Any CPU
		{4D5E9F55-4954-4696-AC61-5AA8469D5819}.Debug|Any CPU.Build.0 = Debug|Any CPU
		{4D5E9F55-4954-4696-AC61-5AA8469D5819}.Debug|x64.ActiveCfg = Debug|Any CPU
		{4D5E9F55-4954-4696-AC61-5AA8469D5819}.Debug|x64.Build.0 = Debug|Any CPU
		{4D5E9F55-4954-4696-AC61-5AA8469D5819}.Debug|x86.ActiveCfg = Debug|Any CPU
		{4D5E9F55-4954-4696-AC61-5AA8469D5819}.Debug|x86.Build.0 = Debug|Any CPU
		{4D5E9F55-4954-4696-AC61-5AA8469D5819}.Release|Any CPU.ActiveCfg = Release|Any CPU
		{4D5E9F55-4954-4696-AC61-5AA8469D5819}.Release|Any CPU.Build.0 = Release|Any CPU
		{4D5E9F55-4954-4696-AC61-5AA8469D5819}.Release|x64.ActiveCfg = Release|Any CPU
		{4D5E9F55-4954-4696-AC61-5AA8469D5819}.Release|x64.Build.0 = Release|Any CPU
		{4D5E9F55-4954-4696-AC61-5AA8469D5819}.Release|x86.ActiveCfg = Release|Any CPU
		{4D5E9F55-4954-4696-AC61-5AA8469D5819}.Release|x86.Build.0 = Release|Any CPU
		{B4971CAA-73AF-4B95-9A60-C3A948B87120}.Debug|Any CPU.ActiveCfg = Debug|Any CPU
		{B4971CAA-73AF-4B95-9A60-C3A948B87120}.Debug|Any CPU.Build.0 = Debug|Any CPU
		{B4971CAA-73AF-4B95-9A60-C3A948B87120}.Debug|x64.ActiveCfg = Debug|Any CPU
		{B4971CAA-73AF-4B95-9A60-C3A948B87120}.Debug|x64.Build.0 = Debug|Any CPU
		{B4971CAA-73AF-4B95-9A60-C3A948B87120}.Debug|x86.ActiveCfg = Debug|Any CPU
		{B4971CAA-73AF-4B95-9A60-C3A948B87120}.Debug|x86.Build.0 = Debug|Any CPU
		{B4971CAA-73AF-4B95-9A60-C3A948B87120}.Release|Any CPU.ActiveCfg = Release|Any CPU
		{B4971CAA-73AF-4B95-9A60-C3A948B87120}.Release|Any CPU.Build.0 = Release|Any CPU
		{B4971CAA-73AF-4B95-9A60-C3A948B87120}.Release|x64.ActiveCfg = Release|Any CPU
		{B4971CAA-73AF-4B95-9A60-C3A948B87120}.Release|x64.Build.0 = Release|Any CPU
		{B4971CAA-73AF-4B95-9A60-C3A948B87120}.Release|x86.ActiveCfg = Release|Any CPU
		{B4971CAA-73AF-4B95-9A60-C3A948B87120}.Release|x86.Build.0 = Release|Any CPU
		{F15B635C-BEF0-45CE-9A07-C5A114CA91A4}.Debug|Any CPU.ActiveCfg = Debug|Any CPU
		{F15B635C-BEF0-45CE-9A07-C5A114CA91A4}.Debug|Any CPU.Build.0 = Debug|Any CPU
		{F15B635C-BEF0-45CE-9A07-C5A114CA91A4}.Debug|x64.ActiveCfg = Debug|Any CPU
		{F15B635C-BEF0-45CE-9A07-C5A114CA91A4}.Debug|x64.Build.0 = Debug|Any CPU
		{F15B635C-BEF0-45CE-9A07-C5A114CA91A4}.Debug|x86.ActiveCfg = Debug|Any CPU
		{F15B635C-BEF0-45CE-9A07-C5A114CA91A4}.Debug|x86.Build.0 = Debug|Any CPU
		{F15B635C-BEF0-45CE-9A07-C5A114CA91A4}.Release|Any CPU.ActiveCfg = Release|Any CPU
		{F15B635C-BEF0-45CE-9A07-C5A114CA91A4}.Release|Any CPU.Build.0 = Release|Any CPU
		{F15B635C-BEF0-45CE-9A07-C5A114CA91A4}.Release|x64.ActiveCfg = Release|Any CPU
		{F15B635C-BEF0-45CE-9A07-C5A114CA91A4}.Release|x64.Build.0 = Release|Any CPU
		{F15B635C-BEF0-45CE-9A07-C5A114CA91A4}.Release|x86.ActiveCfg = Release|Any CPU
		{F15B635C-BEF0-45CE-9A07-C5A114CA91A4}.Release|x86.Build.0 = Release|Any CPU
		{CE89320C-AE43-4DA7-B2A6-B35580E440B7}.Debug|Any CPU.ActiveCfg = Debug|Any CPU
		{CE89320C-AE43-4DA7-B2A6-B35580E440B7}.Debug|Any CPU.Build.0 = Debug|Any CPU
		{CE89320C-AE43-4DA7-B2A6-B35580E440B7}.Debug|x64.ActiveCfg = Debug|Any CPU
		{CE89320C-AE43-4DA7-B2A6-B35580E440B7}.Debug|x64.Build.0 = Debug|Any CPU
		{CE89320C-AE43-4DA7-B2A6-B35580E440B7}.Debug|x86.ActiveCfg = Debug|Any CPU
		{CE89320C-AE43-4DA7-B2A6-B35580E440B7}.Debug|x86.Build.0 = Debug|Any CPU
		{CE89320C-AE43-4DA7-B2A6-B35580E440B7}.Release|Any CPU.ActiveCfg = Release|Any CPU
		{CE89320C-AE43-4DA7-B2A6-B35580E440B7}.Release|Any CPU.Build.0 = Release|Any CPU
		{CE89320C-AE43-4DA7-B2A6-B35580E440B7}.Release|x64.ActiveCfg = Release|Any CPU
		{CE89320C-AE43-4DA7-B2A6-B35580E440B7}.Release|x64.Build.0 = Release|Any CPU
		{CE89320C-AE43-4DA7-B2A6-B35580E440B7}.Release|x86.ActiveCfg = Release|Any CPU
		{CE89320C-AE43-4DA7-B2A6-B35580E440B7}.Release|x86.Build.0 = Release|Any CPU
		{7AFF487A-7472-4034-8F2E-36AC1C7A7AA4}.Debug|Any CPU.ActiveCfg = Debug|Any CPU
		{7AFF487A-7472-4034-8F2E-36AC1C7A7AA4}.Debug|Any CPU.Build.0 = Debug|Any CPU
		{7AFF487A-7472-4034-8F2E-36AC1C7A7AA4}.Debug|x64.ActiveCfg = Debug|Any CPU
		{7AFF487A-7472-4034-8F2E-36AC1C7A7AA4}.Debug|x64.Build.0 = Debug|Any CPU
		{7AFF487A-7472-4034-8F2E-36AC1C7A7AA4}.Debug|x86.ActiveCfg = Debug|Any CPU
		{7AFF487A-7472-4034-8F2E-36AC1C7A7AA4}.Debug|x86.Build.0 = Debug|Any CPU
		{7AFF487A-7472-4034-8F2E-36AC1C7A7AA4}.Release|Any CPU.ActiveCfg = Release|Any CPU
		{7AFF487A-7472-4034-8F2E-36AC1C7A7AA4}.Release|Any CPU.Build.0 = Release|Any CPU
		{7AFF487A-7472-4034-8F2E-36AC1C7A7AA4}.Release|x64.ActiveCfg = Release|Any CPU
		{7AFF487A-7472-4034-8F2E-36AC1C7A7AA4}.Release|x64.Build.0 = Release|Any CPU
		{7AFF487A-7472-4034-8F2E-36AC1C7A7AA4}.Release|x86.ActiveCfg = Release|Any CPU
		{7AFF487A-7472-4034-8F2E-36AC1C7A7AA4}.Release|x86.Build.0 = Release|Any CPU
		{20937A25-DF21-4D6F-9EB7-BB68C7A051FF}.Debug|Any CPU.ActiveCfg = Debug|Any CPU
		{20937A25-DF21-4D6F-9EB7-BB68C7A051FF}.Debug|Any CPU.Build.0 = Debug|Any CPU
		{20937A25-DF21-4D6F-9EB7-BB68C7A051FF}.Debug|x64.ActiveCfg = Debug|Any CPU
		{20937A25-DF21-4D6F-9EB7-BB68C7A051FF}.Debug|x64.Build.0 = Debug|Any CPU
		{20937A25-DF21-4D6F-9EB7-BB68C7A051FF}.Debug|x86.ActiveCfg = Debug|Any CPU
		{20937A25-DF21-4D6F-9EB7-BB68C7A051FF}.Debug|x86.Build.0 = Debug|Any CPU
		{20937A25-DF21-4D6F-9EB7-BB68C7A051FF}.Release|Any CPU.ActiveCfg = Release|Any CPU
		{20937A25-DF21-4D6F-9EB7-BB68C7A051FF}.Release|Any CPU.Build.0 = Release|Any CPU
		{20937A25-DF21-4D6F-9EB7-BB68C7A051FF}.Release|x64.ActiveCfg = Release|Any CPU
		{20937A25-DF21-4D6F-9EB7-BB68C7A051FF}.Release|x64.Build.0 = Release|Any CPU
		{20937A25-DF21-4D6F-9EB7-BB68C7A051FF}.Release|x86.ActiveCfg = Release|Any CPU
		{20937A25-DF21-4D6F-9EB7-BB68C7A051FF}.Release|x86.Build.0 = Release|Any CPU
		{3330AE5C-E6C8-4288-AFFD-6C135AB9C3E7}.Debug|Any CPU.ActiveCfg = Debug|Any CPU
		{3330AE5C-E6C8-4288-AFFD-6C135AB9C3E7}.Debug|Any CPU.Build.0 = Debug|Any CPU
		{3330AE5C-E6C8-4288-AFFD-6C135AB9C3E7}.Debug|x64.ActiveCfg = Debug|Any CPU
		{3330AE5C-E6C8-4288-AFFD-6C135AB9C3E7}.Debug|x64.Build.0 = Debug|Any CPU
		{3330AE5C-E6C8-4288-AFFD-6C135AB9C3E7}.Debug|x86.ActiveCfg = Debug|Any CPU
		{3330AE5C-E6C8-4288-AFFD-6C135AB9C3E7}.Debug|x86.Build.0 = Debug|Any CPU
		{3330AE5C-E6C8-4288-AFFD-6C135AB9C3E7}.Release|Any CPU.ActiveCfg = Release|Any CPU
		{3330AE5C-E6C8-4288-AFFD-6C135AB9C3E7}.Release|Any CPU.Build.0 = Release|Any CPU
		{3330AE5C-E6C8-4288-AFFD-6C135AB9C3E7}.Release|x64.ActiveCfg = Release|Any CPU
		{3330AE5C-E6C8-4288-AFFD-6C135AB9C3E7}.Release|x64.Build.0 = Release|Any CPU
		{3330AE5C-E6C8-4288-AFFD-6C135AB9C3E7}.Release|x86.ActiveCfg = Release|Any CPU
		{3330AE5C-E6C8-4288-AFFD-6C135AB9C3E7}.Release|x86.Build.0 = Release|Any CPU
		{8B6DE200-4190-450E-ACB8-BA5EDEF6E62C}.Debug|Any CPU.ActiveCfg = Debug|x64
		{8B6DE200-4190-450E-ACB8-BA5EDEF6E62C}.Debug|x64.ActiveCfg = Debug|x64
		{8B6DE200-4190-450E-ACB8-BA5EDEF6E62C}.Debug|x64.Build.0 = Debug|x64
		{8B6DE200-4190-450E-ACB8-BA5EDEF6E62C}.Debug|x86.ActiveCfg = Debug|x64
		{8B6DE200-4190-450E-ACB8-BA5EDEF6E62C}.Release|Any CPU.ActiveCfg = Release|x64
		{8B6DE200-4190-450E-ACB8-BA5EDEF6E62C}.Release|x64.ActiveCfg = Release|x64
		{8B6DE200-4190-450E-ACB8-BA5EDEF6E62C}.Release|x64.Build.0 = Release|x64
		{8B6DE200-4190-450E-ACB8-BA5EDEF6E62C}.Release|x86.ActiveCfg = Release|x64
		{D05D8277-A17F-4923-9460-559CAA228EA1}.Debug|Any CPU.ActiveCfg = Debug|Any CPU
		{D05D8277-A17F-4923-9460-559CAA228EA1}.Debug|Any CPU.Build.0 = Debug|Any CPU
		{D05D8277-A17F-4923-9460-559CAA228EA1}.Debug|x64.ActiveCfg = Debug|Any CPU
		{D05D8277-A17F-4923-9460-559CAA228EA1}.Debug|x64.Build.0 = Debug|Any CPU
		{D05D8277-A17F-4923-9460-559CAA228EA1}.Debug|x86.ActiveCfg = Debug|Any CPU
		{D05D8277-A17F-4923-9460-559CAA228EA1}.Debug|x86.Build.0 = Debug|Any CPU
		{D05D8277-A17F-4923-9460-559CAA228EA1}.Release|Any CPU.ActiveCfg = Release|Any CPU
		{D05D8277-A17F-4923-9460-559CAA228EA1}.Release|Any CPU.Build.0 = Release|Any CPU
		{D05D8277-A17F-4923-9460-559CAA228EA1}.Release|x64.ActiveCfg = Release|Any CPU
		{D05D8277-A17F-4923-9460-559CAA228EA1}.Release|x64.Build.0 = Release|Any CPU
		{D05D8277-A17F-4923-9460-559CAA228EA1}.Release|x86.ActiveCfg = Release|Any CPU
		{D05D8277-A17F-4923-9460-559CAA228EA1}.Release|x86.Build.0 = Release|Any CPU
		{2735E757-D1D2-4183-BF52-5C088C4B056B}.Debug|Any CPU.ActiveCfg = Debug|Any CPU
		{2735E757-D1D2-4183-BF52-5C088C4B056B}.Debug|Any CPU.Build.0 = Debug|Any CPU
		{2735E757-D1D2-4183-BF52-5C088C4B056B}.Debug|x64.ActiveCfg = Debug|Any CPU
		{2735E757-D1D2-4183-BF52-5C088C4B056B}.Debug|x64.Build.0 = Debug|Any CPU
		{2735E757-D1D2-4183-BF52-5C088C4B056B}.Debug|x86.ActiveCfg = Debug|Any CPU
		{2735E757-D1D2-4183-BF52-5C088C4B056B}.Debug|x86.Build.0 = Debug|Any CPU
		{2735E757-D1D2-4183-BF52-5C088C4B056B}.Release|Any CPU.ActiveCfg = Release|Any CPU
		{2735E757-D1D2-4183-BF52-5C088C4B056B}.Release|Any CPU.Build.0 = Release|Any CPU
		{2735E757-D1D2-4183-BF52-5C088C4B056B}.Release|x64.ActiveCfg = Release|Any CPU
		{2735E757-D1D2-4183-BF52-5C088C4B056B}.Release|x64.Build.0 = Release|Any CPU
		{2735E757-D1D2-4183-BF52-5C088C4B056B}.Release|x86.ActiveCfg = Release|Any CPU
		{2735E757-D1D2-4183-BF52-5C088C4B056B}.Release|x86.Build.0 = Release|Any CPU
	EndGlobalSection
	GlobalSection(SolutionProperties) = preSolution
		HideSolutionNode = FALSE
	EndGlobalSection
	GlobalSection(NestedProjects) = preSolution
		{E57F97D9-57BE-485F-A4E0-FD9064A2A252} = {827E0CD3-B72D-47B6-A68D-7590B98EB39B}
		{A0231C32-77AE-4700-A53C-B93383E56441} = {827E0CD3-B72D-47B6-A68D-7590B98EB39B}
		{D7054B44-B819-4C62-BEF2-E1AB1C3847F2} = {827E0CD3-B72D-47B6-A68D-7590B98EB39B}
		{47F4B8DC-53D8-438B-8BD7-78BC8185C09C} = {827E0CD3-B72D-47B6-A68D-7590B98EB39B}
		{2B735E61-EE9A-4E5F-A881-C158C7B50142} = {827E0CD3-B72D-47B6-A68D-7590B98EB39B}
		{D1BC401C-7CFC-43D5-9666-6712B284CF5A} = {827E0CD3-B72D-47B6-A68D-7590B98EB39B}
		{E49E00B6-30B5-48C6-A5B7-BF514E99D41E} = {827E0CD3-B72D-47B6-A68D-7590B98EB39B}
		{96E25FDD-9DA5-456F-904C-18D864A2CE60} = {827E0CD3-B72D-47B6-A68D-7590B98EB39B}
		{532A74C9-A3F3-4F94-B882-1359782CF998} = {827E0CD3-B72D-47B6-A68D-7590B98EB39B}
		{8A44DEF9-D0A6-4DD4-ABDA-993AE4757886} = {0AB3BF05-4346-4AA6-1389-037BE0695223}
		{4688260D-D6E2-4F13-896E-543726845AB4} = {0AB3BF05-4346-4AA6-1389-037BE0695223}
		{E64E8988-06DB-4D48-B5BE-072C177DB02D} = {0AB3BF05-4346-4AA6-1389-037BE0695223}
		{AD642116-6342-4604-8953-064F9A789D40} = {0AB3BF05-4346-4AA6-1389-037BE0695223}
		{AC97043D-D1C6-4389-8DAB-5F9A2535CCE6} = {0AB3BF05-4346-4AA6-1389-037BE0695223}
		{4D5E9F55-4954-4696-AC61-5AA8469D5819} = {0AB3BF05-4346-4AA6-1389-037BE0695223}
		{B4971CAA-73AF-4B95-9A60-C3A948B87120} = {0AB3BF05-4346-4AA6-1389-037BE0695223}
		{F15B635C-BEF0-45CE-9A07-C5A114CA91A4} = {0AB3BF05-4346-4AA6-1389-037BE0695223}
		{CE89320C-AE43-4DA7-B2A6-B35580E440B7} = {0AB3BF05-4346-4AA6-1389-037BE0695223}
		{7AFF487A-7472-4034-8F2E-36AC1C7A7AA4} = {827E0CD3-B72D-47B6-A68D-7590B98EB39B}
		{20937A25-DF21-4D6F-9EB7-BB68C7A051FF} = {0AB3BF05-4346-4AA6-1389-037BE0695223}
		{3330AE5C-E6C8-4288-AFFD-6C135AB9C3E7} = {827E0CD3-B72D-47B6-A68D-7590B98EB39B}
		{8B6DE200-4190-450E-ACB8-BA5EDEF6E62C} = {827E0CD3-B72D-47B6-A68D-7590B98EB39B}
		{D05D8277-A17F-4923-9460-559CAA228EA1} = {0AB3BF05-4346-4AA6-1389-037BE0695223}
		{2735E757-D1D2-4183-BF52-5C088C4B056B} = {827E0CD3-B72D-47B6-A68D-7590B98EB39B}
	EndGlobalSection
EndGlobal
